
Microsoft Visual Studio Solution File, Format Version 12.00
# Visual Studio Version 17
VisualStudioVersion = 17.12.35527.113
MinimumVisualStudioVersion = 10.0.40219.1
Project("{8BC9CEB8-8B4A-11D0-8D11-00A0C91BC942}") = "Eltex_6.3", "Eltex_6.3\Eltex_6.3.vcxproj", "{B27E71B9-7746-45CA-89AA-48045AA45B89}"
EndProject
Project("{8BC9CEB8-8B4A-11D0-8D11-00A0C91BC942}") = "SumLib", "SumLib\SumLib.vcxproj", "{E89C4CFB-8867-4396-8FB5-80084005B445}"
EndProject
Project("{8BC9CEB8-8B4A-11D0-8D11-00A0C91BC942}") = "DiffLib", "DiffLib\DiffLib.vcxproj", "{9F17FEDC-63FC-470C-8133-E63E22D70132}"
EndProject
Project("{8BC9CEB8-8B4A-11D0-8D11-00A0C91BC942}") = "MultLib", "MultLib\MultLib.vcxproj", "{AB74AFA5-E173-4408-8993-37D822FAE47D}"
EndProject
Project("{8BC9CEB8-8B4A-11D0-8D11-00A0C91BC942}") = "DivLib", "DivLib\DivLib.vcxproj", "{45FB3A4F-E771-4CDD-A6BE-4DF62D8350A4}"
EndProject
Global
	GlobalSection(SolutionConfigurationPlatforms) = preSolution
		Debug|x64 = Debug|x64
		Debug|x86 = Debug|x86
		Release|x64 = Release|x64
		Release|x86 = Release|x86
	EndGlobalSection
	GlobalSection(ProjectConfigurationPlatforms) = postSolution
		{B27E71B9-7746-45CA-89AA-48045AA45B89}.Debug|x64.ActiveCfg = Debug|x64
		{B27E71B9-7746-45CA-89AA-48045AA45B89}.Debug|x64.Build.0 = Debug|x64
		{B27E71B9-7746-45CA-89AA-48045AA45B89}.Debug|x86.ActiveCfg = Debug|Win32
		{B27E71B9-7746-45CA-89AA-48045AA45B89}.Debug|x86.Build.0 = Debug|Win32
		{B27E71B9-7746-45CA-89AA-48045AA45B89}.Release|x64.ActiveCfg = Release|x64
		{B27E71B9-7746-45CA-89AA-48045AA45B89}.Release|x64.Build.0 = Release|x64
		{B27E71B9-7746-45CA-89AA-48045AA45B89}.Release|x86.ActiveCfg = Release|Win32
		{B27E71B9-7746-45CA-89AA-48045AA45B89}.Release|x86.Build.0 = Release|Win32
		{E89C4CFB-8867-4396-8FB5-80084005B445}.Debug|x64.ActiveCfg = Debug|x64
		{E89C4CFB-8867-4396-8FB5-80084005B445}.Debug|x64.Build.0 = Debug|x64
		{E89C4CFB-8867-4396-8FB5-80084005B445}.Debug|x86.ActiveCfg = Debug|Win32
		{E89C4CFB-8867-4396-8FB5-80084005B445}.Debug|x86.Build.0 = Debug|Win32
		{E89C4CFB-8867-4396-8FB5-80084005B445}.Release|x64.ActiveCfg = Release|x64
		{E89C4CFB-8867-4396-8FB5-80084005B445}.Release|x64.Build.0 = Release|x64
		{E89C4CFB-8867-4396-8FB5-80084005B445}.Release|x86.ActiveCfg = Release|Win32
		{E89C4CFB-8867-4396-8FB5-80084005B445}.Release|x86.Build.0 = Release|Win32
		{9F17FEDC-63FC-470C-8133-E63E22D70132}.Debug|x64.ActiveCfg = Debug|x64
		{9F17FEDC-63FC-470C-8133-E63E22D70132}.Debug|x64.Build.0 = Debug|x64
		{9F17FEDC-63FC-470C-8133-E63E22D70132}.Debug|x86.ActiveCfg = Debug|Win32
		{9F17FEDC-63FC-470C-8133-E63E22D70132}.Debug|x86.Build.0 = Debug|Win32
		{9F17FEDC-63FC-470C-8133-E63E22D70132}.Release|x64.ActiveCfg = Release|x64
		{9F17FEDC-63FC-470C-8133-E63E22D70132}.Release|x64.Build.0 = Release|x64
		{9F17FEDC-63FC-470C-8133-E63E22D70132}.Release|x86.ActiveCfg = Release|Win32
		{9F17FEDC-63FC-470C-8133-E63E22D70132}.Release|x86.Build.0 = Release|Win32
		{AB74AFA5-E173-4408-8993-37D822FAE47D}.Debug|x64.ActiveCfg = Debug|x64
		{AB74AFA5-E173-4408-8993-37D822FAE47D}.Debug|x64.Build.0 = Debug|x64
		{AB74AFA5-E173-4408-8993-37D822FAE47D}.Debug|x86.ActiveCfg = Debug|Win32
		{AB74AFA5-E173-4408-8993-37D822FAE47D}.Debug|x86.Build.0 = Debug|Win32
		{AB74AFA5-E173-4408-8993-37D822FAE47D}.Release|x64.ActiveCfg = Release|x64
		{AB74AFA5-E173-4408-8993-37D822FAE47D}.Release|x64.Build.0 = Release|x64
		{AB74AFA5-E173-4408-8993-37D822FAE47D}.Release|x86.ActiveCfg = Release|Win32
		{AB74AFA5-E173-4408-8993-37D822FAE47D}.Release|x86.Build.0 = Release|Win32
		{45FB3A4F-E771-4CDD-A6BE-4DF62D8350A4}.Debug|x64.ActiveCfg = Debug|x64
		{45FB3A4F-E771-4CDD-A6BE-4DF62D8350A4}.Debug|x64.Build.0 = Debug|x64
		{45FB3A4F-E771-4CDD-A6BE-4DF62D8350A4}.Debug|x86.ActiveCfg = Debug|Win32
		{45FB3A4F-E771-4CDD-A6BE-4DF62D8350A4}.Debug|x86.Build.0 = Debug|Win32
		{45FB3A4F-E771-4CDD-A6BE-4DF62D8350A4}.Release|x64.ActiveCfg = Release|x64
		{45FB3A4F-E771-4CDD-A6BE-4DF62D8350A4}.Release|x64.Build.0 = Release|x64
		{45FB3A4F-E771-4CDD-A6BE-4DF62D8350A4}.Release|x86.ActiveCfg = Release|Win32
		{45FB3A4F-E771-4CDD-A6BE-4DF62D8350A4}.Release|x86.Build.0 = Release|Win32
	EndGlobalSection
	GlobalSection(SolutionProperties) = preSolution
		HideSolutionNode = FALSE
	EndGlobalSection
EndGlobal
